
Microsoft Visual Studio Solution File, Format Version 12.00
# Visual Studio 15
VisualStudioVersion = 15.0.26403.0
MinimumVisualStudioVersion = 10.0.40219.1
Project("{8BC9CEB8-8B4A-11D0-8D11-00A0C91BC942}") = "forHoudini", "forHoudini\forHoudini.vcxproj", "{F00DCF28-DCE3-4D64-B008-61DB9A40B217}"
EndProject
Project("{8BC9CEB8-8B4A-11D0-8D11-00A0C91BC942}") = "Core", "Core\Core.vcxproj", "{9C0B1AFD-A794-44BA-AC7D-319305B6AC03}"
EndProject
Project("{8BC9CEB8-8B4A-11D0-8D11-00A0C91BC942}") = "UnitTest", "UnitTest\UnitTest.vcxproj", "{3D277D0B-D05A-4313-9D4D-77E3D075BA69}"
EndProject
Global
	GlobalSection(SolutionConfigurationPlatforms) = preSolution
		Debug|x64 = Debug|x64
		Debug|x86 = Debug|x86
		Release|x64 = Release|x64
		Release|x86 = Release|x86
	EndGlobalSection
	GlobalSection(ProjectConfigurationPlatforms) = postSolution
		{F00DCF28-DCE3-4D64-B008-61DB9A40B217}.Debug|x64.ActiveCfg = Debug|x64
		{F00DCF28-DCE3-4D64-B008-61DB9A40B217}.Debug|x64.Build.0 = Debug|x64
		{F00DCF28-DCE3-4D64-B008-61DB9A40B217}.Debug|x86.ActiveCfg = Debug|Win32
		{F00DCF28-DCE3-4D64-B008-61DB9A40B217}.Debug|x86.Build.0 = Debug|Win32
		{F00DCF28-DCE3-4D64-B008-61DB9A40B217}.Release|x64.ActiveCfg = Release|x64
		{F00DCF28-DCE3-4D64-B008-61DB9A40B217}.Release|x64.Build.0 = Release|x64
		{F00DCF28-DCE3-4D64-B008-61DB9A40B217}.Release|x86.ActiveCfg = Release|Win32
		{F00DCF28-DCE3-4D64-B008-61DB9A40B217}.Release|x86.Build.0 = Release|Win32
		{9C0B1AFD-A794-44BA-AC7D-319305B6AC03}.Debug|x64.ActiveCfg = Debug|x64
		{9C0B1AFD-A794-44BA-AC7D-319305B6AC03}.Debug|x64.Build.0 = Debug|x64
		{9C0B1AFD-A794-44BA-AC7D-319305B6AC03}.Debug|x86.ActiveCfg = Debug|x64
		{9C0B1AFD-A794-44BA-AC7D-319305B6AC03}.Release|x64.ActiveCfg = Release|x64
		{9C0B1AFD-A794-44BA-AC7D-319305B6AC03}.Release|x64.Build.0 = Release|x64
		{9C0B1AFD-A794-44BA-AC7D-319305B6AC03}.Release|x86.ActiveCfg = Release|x64
		{3D277D0B-D05A-4313-9D4D-77E3D075BA69}.Debug|x64.ActiveCfg = Debug|x64
		{3D277D0B-D05A-4313-9D4D-77E3D075BA69}.Debug|x64.Build.0 = Debug|x64
		{3D277D0B-D05A-4313-9D4D-77E3D075BA69}.Debug|x86.ActiveCfg = Debug|x64
		{3D277D0B-D05A-4313-9D4D-77E3D075BA69}.Release|x64.ActiveCfg = Release|x64
		{3D277D0B-D05A-4313-9D4D-77E3D075BA69}.Release|x64.Build.0 = Release|x64
		{3D277D0B-D05A-4313-9D4D-77E3D075BA69}.Release|x86.ActiveCfg = Release|x64
	EndGlobalSection
	GlobalSection(SolutionProperties) = preSolution
		HideSolutionNode = FALSE
	EndGlobalSection
	GlobalSection(ExtensibilityGlobals) = postSolution
		SolutionGuid = {97FAB759-8666-4815-BC5D-C6521F7420E1}
	EndGlobalSection
EndGlobal
