<?xml version="1.0" encoding="utf-8"?>
<Project ToolsVersion="4.0" xmlns="http://schemas.microsoft.com/developer/msbuild/2003">
  <ItemGroup>
    <CudaCompile Include="sources\SparseFrame.cu">
      <Filter>Sources</Filter>
    </CudaCompile>
    <CudaCompile Include="sources\FieldOP.cu">
      <Filter>Sources</Filter>
    </CudaCompile>
    <CudaCompile Include="main.cu">
      <Filter>Sources</Filter>
    </CudaCompile>
    <CudaCompile Include="sources\BLAS.cu">
      <Filter>Sources</Filter>
    </CudaCompile>
    <CudaCompile Include="sources\FLIPWaterMethod.cu">
      <Filter>Sources</Filter>
    </CudaCompile>
    <CudaCompile Include="sources\Rasterization.cu">
      <Filter>Sources</Filter>
    </CudaCompile>
    <CudaCompile Include="sources\FluidProjector.cu">
      <Filter>Sources</Filter>
    </CudaCompile>
  </ItemGroup>
  <ItemGroup>
    <ClInclude Include="headers\AABB2.h">
      <Filter>Headers</Filter>
    </ClInclude>
    <ClInclude Include="headers\AABB3.h">
      <Filter>Headers</Filter>
    </ClInclude>
    <ClInclude Include="headers\Array.h">
      <Filter>Headers</Filter>
    </ClInclude>
    <ClInclude Include="headers\Commons.h">
      <Filter>Headers</Filter>
    </ClInclude>
    <ClInclude Include="headers\DenseField.h">
      <Filter>Headers</Filter>
    </ClInclude>
    <ClInclude Include="headers\FieldCast.h">
      <Filter>Headers</Filter>
    </ClInclude>
    <ClInclude Include="headers\FieldOP.h">
      <Filter>Headers</Filter>
    </ClInclude>
    <ClInclude Include="headers\Grid.h">
      <Filter>Headers</Filter>
    </ClInclude>
    <ClInclude Include="headers\Launcher.h">
      <Filter>Headers</Filter>
    </ClInclude>
    <ClInclude Include="headers\MathFuncs.h">
      <Filter>Headers</Filter>
    </ClInclude>
    <ClInclude Include="headers\Matrix22.h">
      <Filter>Headers</Filter>
    </ClInclude>
    <ClInclude Include="headers\Matrix33.h">
      <Filter>Headers</Filter>
    </ClInclude>
    <ClInclude Include="headers\Matrix44.h">
      <Filter>Headers</Filter>
    </ClInclude>
    <ClInclude Include="headers\Particles.h">
      <Filter>Headers</Filter>
    </ClInclude>
    <ClInclude Include="headers\Random.h">
      <Filter>Headers</Filter>
    </ClInclude>
    <ClInclude Include="headers\Rasterization.h">
      <Filter>Headers</Filter>
    </ClInclude>
    <ClInclude Include="headers\SparseField.h">
      <Filter>Headers</Filter>
    </ClInclude>
    <ClInclude Include="headers\SparseFrame.h">
      <Filter>Headers</Filter>
    </ClInclude>
    <ClInclude Include="headers\TimeWatch.h">
      <Filter>Headers</Filter>
    </ClInclude>
    <ClInclude Include="headers\VARE.h">
      <Filter>Headers</Filter>
    </ClInclude>
    <ClInclude Include="headers\Vector2.h">
      <Filter>Headers</Filter>
    </ClInclude>
    <ClInclude Include="headers\Vector3.h">
      <Filter>Headers</Filter>
    </ClInclude>
    <ClInclude Include="headers\Vector4.h">
      <Filter>Headers</Filter>
    </ClInclude>
    <ClInclude Include="headers\VolumeSource.h">
      <Filter>Headers</Filter>
    </ClInclude>
    <ClInclude Include="headers\BLAS.h">
      <Filter>Headers</Filter>
    </ClInclude>
    <ClInclude Include="headers\SparseMatrix.h">
      <Filter>Headers</Filter>
    </ClInclude>
    <ClInclude Include="headers\LinearSystemSolver.h">
      <Filter>Headers</Filter>
    </ClInclude>
    <ClInclude Include="headers\Noise.h">
      <Filter>Headers</Filter>
    </ClInclude>
    <ClInclude Include="headers\FLIPWaterMethod.h">
      <Filter>Headers</Filter>
    </ClInclude>
    <ClInclude Include="headers\FluidProjector.h">
      <Filter>Headers</Filter>
    </ClInclude>
    <ClInclude Include="headers\MemoryMonitor.h">
      <Filter>Headers</Filter>
    </ClInclude>
    <ClInclude Include="headers\EmbeddedPython.h">
      <Filter>Headers</Filter>
    </ClInclude>
  </ItemGroup>
  <ItemGroup>
    <Filter Include="Headers">
      <UniqueIdentifier>{183661f6-89d8-4325-92f3-c9bad15f6fb6}</UniqueIdentifier>
    </Filter>
    <Filter Include="Sources">
      <UniqueIdentifier>{0d9f8073-be10-4208-9453-304402122fe2}</UniqueIdentifier>
    </Filter>
  </ItemGroup>
  <ItemGroup>
    <ClCompile Include="sources\Array.cpp">
      <Filter>Sources</Filter>
    </ClCompile>
    <ClCompile Include="sources\LinearSystemSolver.cpp">
      <Filter>Sources</Filter>
    </ClCompile>
  </ItemGroup>
</Project>